
Microsoft Visual Studio Solution File, Format Version 12.00
# Visual Studio Version 17
VisualStudioVersion = 17.4.33122.133
MinimumVisualStudioVersion = 10.0.40219.1
Project("{FAE04EC0-301F-11D3-BF4B-00C04F79EFBC}") = "project_memory_game", "project_memory_game\project_memory_game.csproj", "{CF4397D0-A1B7-4AFD-BC8B-AAFF91CE1671}"
EndProject
Global
	GlobalSection(SolutionConfigurationPlatforms) = preSolution
		Debug|Any CPU = Debug|Any CPU
		Release|Any CPU = Release|Any CPU
	EndGlobalSection
	GlobalSection(ProjectConfigurationPlatforms) = postSolution
		{CF4397D0-A1B7-4AFD-BC8B-AAFF91CE1671}.Debug|Any CPU.ActiveCfg = Debug|Any CPU
		{CF4397D0-A1B7-4AFD-BC8B-AAFF91CE1671}.Debug|Any CPU.Build.0 = Debug|Any CPU
		{CF4397D0-A1B7-4AFD-BC8B-AAFF91CE1671}.Release|Any CPU.ActiveCfg = Release|Any CPU
		{CF4397D0-A1B7-4AFD-BC8B-AAFF91CE1671}.Release|Any CPU.Build.0 = Release|Any CPU
	EndGlobalSection
	GlobalSection(SolutionProperties) = preSolution
		HideSolutionNode = FALSE
	EndGlobalSection
	GlobalSection(ExtensibilityGlobals) = postSolution
		SolutionGuid = {1136A70C-37B7-474F-B15D-D021E84D7D64}
	EndGlobalSection
EndGlobal
